{
  "name": "config",
  "version": "0.1.0",
  "lockfileVersion": 3,
  "requires": true,
  "packages": {
    "": {
      "name": "config",
      "version": "0.1.0",
      "dependencies": {
        "console": "^0.7.2",
        "fs": "^0.0.1-security",
        "load-yaml-file": "^1.0.0",
        "yaml": "^2.4.2",
        "zod": "^3.23.8",
        "zod-to-json-schema": "^3.23.1"
      },
      "devDependencies": {
        "@types/js-yaml": "^4.0.9",
        "@types/node": "^20.14.9"
      }
    },
    "node_modules/@types/js-yaml": {
      "version": "4.0.9",
      "dev": true,
      "license": "MIT"
    },
    "node_modules/@types/node": {
      "version": "20.14.9",
      "dev": true,
      "license": "MIT",
      "dependencies": {
        "undici-types": "~5.26.4"
      }
    },
    "node_modules/argparse": {
      "version": "2.0.1",
      "license": "Python-2.0"
    },
    "node_modules/console": {
      "version": "0.7.2",
      "license": "MIT"
    },
    "node_modules/fs": {
      "version": "0.0.1-security",
      "license": "ISC"
    },
    "node_modules/graceful-fs": {
      "version": "4.2.11",
      "license": "ISC"
    },
    "node_modules/js-yaml": {
      "version": "4.1.0",
      "license": "MIT",
      "dependencies": {
        "argparse": "^2.0.1"
      },
      "bin": {
        "js-yaml": "bin/js-yaml.js"
      }
    },
    "node_modules/load-yaml-file": {
      "version": "1.0.0",
      "license": "MIT",
      "dependencies": {
        "graceful-fs": "^4.2.8",
        "js-yaml": "^4.1.0",
        "strip-bom": "^5.0.0"
      },
      "engines": {
        "node": "^12.20.0 || ^14.13.1 || >=16.0.0"
      }
    },
    "node_modules/strip-bom": {
      "version": "5.0.0",
      "license": "MIT",
      "engines": {
        "node": ">=12"
      },
      "funding": {
        "url": "https://github.com/sponsors/sindresorhus"
      }
    },
    "node_modules/undici-types": {
      "version": "5.26.5",
      "dev": true,
      "license": "MIT"
    },
    "node_modules/yaml": {
      "version": "2.4.2",
      "license": "ISC",
      "bin": {
        "yaml": "bin.mjs"
      },
      "engines": {
        "node": ">= 14"
      }
    },
    "node_modules/zod": {
      "version": "3.23.8",
      "license": "MIT",
      "funding": {
        "url": "https://github.com/sponsors/colinhacks"
      }
    },
    "node_modules/zod-to-json-schema": {
      "version": "3.23.1",
      "license": "ISC",
      "peerDependencies": {
        "zod": "^3.23.3"
      }
    }
  }
}
